# THIS IS AN AUTOGENERATED FILE. DO NOT EDIT THIS FILE DIRECTLY.
# yarn lockfile v1


"@esbuild/aix-ppc64@0.25.12":
  version "0.25.12"
  resolved "https://registry.yarnpkg.com/@esbuild/aix-ppc64/-/aix-ppc64-0.25.12.tgz#80fcbe36130e58b7670511e888b8e88a259ed76c"
  integrity sha512-Hhmwd6CInZ3dwpuGTF8fJG6yoWmsToE+vYgD4nytZVxcu1ulHpUQRAB1UJ8+N1Am3Mz4+xOByoQoSZf4D+CpkA==

"@esbuild/android-arm64@0.25.12":
  version "0.25.12"
  resolved "https://registry.yarnpkg.com/@esbuild/android-arm64/-/android-arm64-0.25.12.tgz#8aa4965f8d0a7982dc21734bf6601323a66da752"
  integrity sha512-6AAmLG7zwD1Z159jCKPvAxZd4y/VTO0VkprYy+3N2FtJ8+BQWFXU+OxARIwA46c5tdD9SsKGZ/1ocqBS/gAKHg==

"@esbuild/android-arm@0.25.12":
  version "0.25.12"
  resolved "https://registry.yarnpkg.com/@esbuild/android-arm/-/android-arm-0.25.12.tgz#300712101f7f50f1d2627a162e6e09b109b6767a"
  integrity sha512-VJ+sKvNA/GE7Ccacc9Cha7bpS8nyzVv0jdVgwNDaR4gDMC/2TTRc33Ip8qrNYUcpkOHUT5OZ0bUcNNVZQ9RLlg==

"@esbuild/android-x64@0.25.12":
  version "0.25.12"
  resolved "https://registry.yarnpkg.com/@esbuild/android-x64/-/android-x64-0.25.12.tgz#87dfb27161202bdc958ef48bb61b09c758faee16"
  integrity sha512-5jbb+2hhDHx5phYR2By8GTWEzn6I9UqR11Kwf22iKbNpYrsmRB18aX/9ivc5cabcUiAT/wM+YIZ6SG9QO6a8kg==

"@esbuild/darwin-arm64@0.25.12":
  version "0.25.12"
  resolved "https://registry.yarnpkg.com/@esbuild/darwin-arm64/-/darwin-arm64-0.25.12.tgz#79197898ec1ff745d21c071e1c7cc3c802f0c1fd"
  integrity sha512-N3zl+lxHCifgIlcMUP5016ESkeQjLj/959RxxNYIthIg+CQHInujFuXeWbWMgnTo4cp5XVHqFPmpyu9J65C1Yg==

"@esbuild/darwin-x64@0.25.12":
  version "0.25.12"
  resolved "https://registry.yarnpkg.com/@esbuild/darwin-x64/-/darwin-x64-0.25.12.tgz#146400a8562133f45c4d2eadcf37ddd09718079e"
  integrity sha512-HQ9ka4Kx21qHXwtlTUVbKJOAnmG1ipXhdWTmNXiPzPfWKpXqASVcWdnf2bnL73wgjNrFXAa3yYvBSd9pzfEIpA==

"@esbuild/freebsd-arm64@0.25.12":
  version "0.25.12"
  resolved "https://registry.yarnpkg.com/@esbuild/freebsd-arm64/-/freebsd-arm64-0.25.12.tgz#1c5f9ba7206e158fd2b24c59fa2d2c8bb47ca0fe"
  integrity sha512-gA0Bx759+7Jve03K1S0vkOu5Lg/85dou3EseOGUes8flVOGxbhDDh/iZaoek11Y8mtyKPGF3vP8XhnkDEAmzeg==

"@esbuild/freebsd-x64@0.25.12":
  version "0.25.12"
  resolved "https://registry.yarnpkg.com/@esbuild/freebsd-x64/-/freebsd-x64-0.25.12.tgz#ea631f4a36beaac4b9279fa0fcc6ca29eaeeb2b3"
  integrity sha512-TGbO26Yw2xsHzxtbVFGEXBFH0FRAP7gtcPE7P5yP7wGy7cXK2oO7RyOhL5NLiqTlBh47XhmIUXuGciXEqYFfBQ==

"@esbuild/linux-arm64@0.25.12":
  version "0.25.12"
  resolved "https://registry.yarnpkg.com/@esbuild/linux-arm64/-/linux-arm64-0.25.12.tgz#e1066bce58394f1b1141deec8557a5f0a22f5977"
  integrity sha512-8bwX7a8FghIgrupcxb4aUmYDLp8pX06rGh5HqDT7bB+8Rdells6mHvrFHHW2JAOPZUbnjUpKTLg6ECyzvas2AQ==

"@esbuild/linux-arm@0.25.12":
  version "0.25.12"
  resolved "https://registry.yarnpkg.com/@esbuild/linux-arm/-/linux-arm-0.25.12.tgz#452cd66b20932d08bdc53a8b61c0e30baf4348b9"
  integrity sha512-lPDGyC1JPDou8kGcywY0YILzWlhhnRjdof3UlcoqYmS9El818LLfJJc3PXXgZHrHCAKs/Z2SeZtDJr5MrkxtOw==

"@esbuild/linux-ia32@0.25.12":
  version "0.25.12"
  resolved "https://registry.yarnpkg.com/@esbuild/linux-ia32/-/linux-ia32-0.25.12.tgz#b24f8acc45bcf54192c7f2f3be1b53e6551eafe0"
  integrity sha512-0y9KrdVnbMM2/vG8KfU0byhUN+EFCny9+8g202gYqSSVMonbsCfLjUO+rCci7pM0WBEtz+oK/PIwHkzxkyharA==

"@esbuild/linux-loong64@0.25.12":
  version "0.25.12"
  resolved "https://registry.yarnpkg.com/@esbuild/linux-loong64/-/linux-loong64-0.25.12.tgz#f9cfffa7fc8322571fbc4c8b3268caf15bd81ad0"
  integrity sha512-h///Lr5a9rib/v1GGqXVGzjL4TMvVTv+s1DPoxQdz7l/AYv6LDSxdIwzxkrPW438oUXiDtwM10o9PmwS/6Z0Ng==

"@esbuild/linux-mips64el@0.25.12":
  version "0.25.12"
  resolved "https://registry.yarnpkg.com/@esbuild/linux-mips64el/-/linux-mips64el-0.25.12.tgz#575a14bd74644ffab891adc7d7e60d275296f2cd"
  integrity sha512-iyRrM1Pzy9GFMDLsXn1iHUm18nhKnNMWscjmp4+hpafcZjrr2WbT//d20xaGljXDBYHqRcl8HnxbX6uaA/eGVw==

"@esbuild/linux-ppc64@0.25.12":
  version "0.25.12"
  resolved "https://registry.yarnpkg.com/@esbuild/linux-ppc64/-/linux-ppc64-0.25.12.tgz#75b99c70a95fbd5f7739d7692befe60601591869"
  integrity sha512-9meM/lRXxMi5PSUqEXRCtVjEZBGwB7P/D4yT8UG/mwIdze2aV4Vo6U5gD3+RsoHXKkHCfSxZKzmDssVlRj1QQA==

"@esbuild/linux-riscv64@0.25.12":
  version "0.25.12"
  resolved "https://registry.yarnpkg.com/@esbuild/linux-riscv64/-/linux-riscv64-0.25.12.tgz#2e3259440321a44e79ddf7535c325057da875cd6"
  integrity sha512-Zr7KR4hgKUpWAwb1f3o5ygT04MzqVrGEGXGLnj15YQDJErYu/BGg+wmFlIDOdJp0PmB0lLvxFIOXZgFRrdjR0w==

"@esbuild/linux-s390x@0.25.12":
  version "0.25.12"
  resolved "https://registry.yarnpkg.com/@esbuild/linux-s390x/-/linux-s390x-0.25.12.tgz#17676cabbfe5928da5b2a0d6df5d58cd08db2663"
  integrity sha512-MsKncOcgTNvdtiISc/jZs/Zf8d0cl/t3gYWX8J9ubBnVOwlk65UIEEvgBORTiljloIWnBzLs4qhzPkJcitIzIg==

"@esbuild/linux-x64@0.25.12":
  version "0.25.12"
  resolved "https://registry.yarnpkg.com/@esbuild/linux-x64/-/linux-x64-0.25.12.tgz#0583775685ca82066d04c3507f09524d3cd7a306"
  integrity sha512-uqZMTLr/zR/ed4jIGnwSLkaHmPjOjJvnm6TVVitAa08SLS9Z0VM8wIRx7gWbJB5/J54YuIMInDquWyYvQLZkgw==

"@esbuild/netbsd-arm64@0.25.12":
  version "0.25.12"
  resolved "https://registry.yarnpkg.com/@esbuild/netbsd-arm64/-/netbsd-arm64-0.25.12.tgz#f04c4049cb2e252fe96b16fed90f70746b13f4a4"
  integrity sha512-xXwcTq4GhRM7J9A8Gv5boanHhRa/Q9KLVmcyXHCTaM4wKfIpWkdXiMog/KsnxzJ0A1+nD+zoecuzqPmCRyBGjg==

"@esbuild/netbsd-x64@0.25.12":
  version "0.25.12"
  resolved "https://registry.yarnpkg.com/@esbuild/netbsd-x64/-/netbsd-x64-0.25.12.tgz#77da0d0a0d826d7c921eea3d40292548b258a076"
  integrity sha512-Ld5pTlzPy3YwGec4OuHh1aCVCRvOXdH8DgRjfDy/oumVovmuSzWfnSJg+VtakB9Cm0gxNO9BzWkj6mtO1FMXkQ==

"@esbuild/openbsd-arm64@0.25.12":
  version "0.25.12"
  resolved "https://registry.yarnpkg.com/@esbuild/openbsd-arm64/-/openbsd-arm64-0.25.12.tgz#6296f5867aedef28a81b22ab2009c786a952dccd"
  integrity sha512-fF96T6KsBo/pkQI950FARU9apGNTSlZGsv1jZBAlcLL1MLjLNIWPBkj5NlSz8aAzYKg+eNqknrUJ24QBybeR5A==

"@esbuild/openbsd-x64@0.25.12":
  version "0.25.12"
  resolved "https://registry.yarnpkg.com/@esbuild/openbsd-x64/-/openbsd-x64-0.25.12.tgz#f8d23303360e27b16cf065b23bbff43c14142679"
  integrity sha512-MZyXUkZHjQxUvzK7rN8DJ3SRmrVrke8ZyRusHlP+kuwqTcfWLyqMOE3sScPPyeIXN/mDJIfGXvcMqCgYKekoQw==

"@esbuild/openharmony-arm64@0.25.12":
  version "0.25.12"
  resolved "https://registry.yarnpkg.com/@esbuild/openharmony-arm64/-/openharmony-arm64-0.25.12.tgz#49e0b768744a3924be0d7fd97dd6ce9b2923d88d"
  integrity sha512-rm0YWsqUSRrjncSXGA7Zv78Nbnw4XL6/dzr20cyrQf7ZmRcsovpcRBdhD43Nuk3y7XIoW2OxMVvwuRvk9XdASg==

"@esbuild/sunos-x64@0.25.12":
  version "0.25.12"
  resolved "https://registry.yarnpkg.com/@esbuild/sunos-x64/-/sunos-x64-0.25.12.tgz#a6ed7d6778d67e528c81fb165b23f4911b9b13d6"
  integrity sha512-3wGSCDyuTHQUzt0nV7bocDy72r2lI33QL3gkDNGkod22EsYl04sMf0qLb8luNKTOmgF/eDEDP5BFNwoBKH441w==

"@esbuild/win32-arm64@0.25.12":
  version "0.25.12"
  resolved "https://registry.yarnpkg.com/@esbuild/win32-arm64/-/win32-arm64-0.25.12.tgz#9ac14c378e1b653af17d08e7d3ce34caef587323"
  integrity sha512-rMmLrur64A7+DKlnSuwqUdRKyd3UE7oPJZmnljqEptesKM8wx9J8gx5u0+9Pq0fQQW8vqeKebwNXdfOyP+8Bsg==

"@esbuild/win32-ia32@0.25.12":
  version "0.25.12"
  resolved "https://registry.yarnpkg.com/@esbuild/win32-ia32/-/win32-ia32-0.25.12.tgz#918942dcbbb35cc14fca39afb91b5e6a3d127267"
  integrity sha512-HkqnmmBoCbCwxUKKNPBixiWDGCpQGVsrQfJoVGYLPT41XWF8lHuE5N6WhVia2n4o5QK5M4tYr21827fNhi4byQ==

"@esbuild/win32-x64@0.25.12":
  version "0.25.12"
  resolved "https://registry.yarnpkg.com/@esbuild/win32-x64/-/win32-x64-0.25.12.tgz#9bdad8176be7811ad148d1f8772359041f46c6c5"
  integrity sha512-alJC0uCZpTFrSL0CCDjcgleBXPnCrEAhTBILpeAp7M/OFgoqtAetfBzX0xM00MUsVVPpVjlPuMbREqnZCXaTnA==

"@fortawesome/fontawesome-free@^6.1.1":
  version "6.1.1"
  resolved "https://registry.yarnpkg.com/@fortawesome/fontawesome-free/-/fontawesome-free-6.1.1.tgz#bf5d45611ab74890be386712a0e5d998c65ee2a1"
  integrity sha512-J/3yg2AIXc9wznaVqpHVX3Wa5jwKovVF0AMYSnbmcXTiL3PpRPfF58pzWucCwEiCJBp+hCNRLWClTomD8SseKg==

"@hotwired/stimulus@^3", "@hotwired/stimulus@^3.2.2":
  version "3.2.2"
  resolved "https://registry.yarnpkg.com/@hotwired/stimulus/-/stimulus-3.2.2.tgz#071aab59c600fed95b97939e605ff261a4251608"
  integrity sha512-eGeIqNOQpXoPAIP7tC1+1Yc1yl1xnwYqg+3mzqxyrbE5pg5YFBZcA6YoTiByJB6DKAEsiWtl6tjTJS4IYtbB7A==

"@popperjs/core@^2.11.8":
  version "2.11.8"
  resolved "https://registry.yarnpkg.com/@popperjs/core/-/core-2.11.8.tgz#6b79032e760a0899cd4204710beede972a3a185f"
  integrity sha512-P1st0aksCrn9sGZhp8GMYwBnQsbvAWsZAX44oXNNvLHGqAOcoVxmjZiohstwQ7SqKnbR47akdNi+uleWD8+g6A==

"@rails/actioncable@^6 || ^7 || ^8":
  version "7.2.302"
  resolved "https://registry.yarnpkg.com/@rails/actioncable/-/actioncable-7.2.302.tgz#f074632ee55aa1b5b16cd2be094b42981a71c322"
  integrity sha512-9JOPzUb7RCqIEWeoE78mPFd71fzyJ25LjeMzD45zQ75f41ca7BsgQVqiyrIuxDZ1yyZ4PdyxCMZF0KJlJ9qX0g==

"@rails/actioncable@^8.0.200":
  version "8.1.301"
  resolved "https://registry.yarnpkg.com/@rails/actioncable/-/actioncable-8.1.301.tgz#924ae5e44522e06770ae84d42b23e7488299fa89"
  integrity sha512-n4Q6DfnqnZ604xgqeqURNyUmk6JtPoKf++UeV9agvecIkV3AcpgJs5D08Kx8WnZNgM7u4av9ezfIXv+CgdV94A==

bootstrap@^5.3.3:
  version "5.3.8"
  resolved "https://registry.yarnpkg.com/bootstrap/-/bootstrap-5.3.8.tgz#6401a10057a22752d21f4e19055508980656aeed"
  integrity sha512-HP1SZDqaLDPwsNiqRqi5NcP0SSXciX2s9E+RyqJIIqGo+vJeN5AJVM98CXmW/Wux0nQ5L7jeWUdplCEf0Ee+tg==

cable_ready@5.0.6, cable_ready@^5.0.6:
  version "5.0.6"
  resolved "https://registry.yarnpkg.com/cable_ready/-/cable_ready-5.0.6.tgz#d76f7500d73606175645a84aa743b22667c0109a"
  integrity sha512-SRCLljXFeFVRDeE/f/LutWNo50pkZRPxkKtFhqVMYvCOZhnUTWH3pPjsn8bD9KlRAMUrlrBN6reX8xX7ItvqfA==
  dependencies:
    morphdom "2.6.1"

debounced@^0.0.5:
  version "0.0.5"
  resolved "https://registry.yarnpkg.com/debounced/-/debounced-0.0.5.tgz#e540b6eebfe703d93462711b4f3562ffd101b87f"
  integrity sha512-8Bgheu1YxQB7ocqYmK2enbLGVoo4nCtu/V6UD/SMDOeV3g2LocG2CrA5oxudlyl79Ja07UiqGdp9pWZoJn52EQ==

esbuild@^0.25.0:
  version "0.25.12"
  resolved "https://registry.yarnpkg.com/esbuild/-/esbuild-0.25.12.tgz#97a1d041f4ab00c2fce2f838d2b9969a2d2a97a5"
  integrity sha512-bbPBYYrtZbkt6Os6FiTLCTFxvq4tt3JKall1vRwshA3fdVztsLAatFaZobhkBC8/BrPetoa0oksYoKXoG4ryJg==
  optionalDependencies:
    "@esbuild/aix-ppc64" "0.25.12"
    "@esbuild/android-arm" "0.25.12"
    "@esbuild/android-arm64" "0.25.12"
    "@esbuild/android-x64" "0.25.12"
    "@esbuild/darwin-arm64" "0.25.12"
    "@esbuild/darwin-x64" "0.25.12"
    "@esbuild/freebsd-arm64" "0.25.12"
    "@esbuild/freebsd-x64" "0.25.12"
    "@esbuild/linux-arm" "0.25.12"
    "@esbuild/linux-arm64" "0.25.12"
    "@esbuild/linux-ia32" "0.25.12"
    "@esbuild/linux-loong64" "0.25.12"
    "@esbuild/linux-mips64el" "0.25.12"
    "@esbuild/linux-ppc64" "0.25.12"
    "@esbuild/linux-riscv64" "0.25.12"
    "@esbuild/linux-s390x" "0.25.12"
    "@esbuild/linux-x64" "0.25.12"
    "@esbuild/netbsd-arm64" "0.25.12"
    "@esbuild/netbsd-x64" "0.25.12"
    "@esbuild/openbsd-arm64" "0.25.12"
    "@esbuild/openbsd-x64" "0.25.12"
    "@esbuild/openharmony-arm64" "0.25.12"
    "@esbuild/sunos-x64" "0.25.12"
    "@esbuild/win32-arm64" "0.25.12"
    "@esbuild/win32-ia32" "0.25.12"
    "@esbuild/win32-x64" "0.25.12"

morphdom@2.6.1:
  version "2.6.1"
  resolved "https://registry.yarnpkg.com/morphdom/-/morphdom-2.6.1.tgz#e868e24f989fa3183004b159aed643e628b4306e"
  integrity sha512-Y8YRbAEP3eKykroIBWrjcfMw7mmwJfjhqdpSvoqinu8Y702nAwikpXcNFDiIkyvfCLxLM9Wu95RZqo4a9jFBaA==

nouislider@^14.6.3:
  version "14.7.0"
  resolved "https://registry.yarnpkg.com/nouislider/-/nouislider-14.7.0.tgz#a71db0587c92567b6da1df57d251d3696d942362"
  integrity sha512-4RtQ1+LHJKesDCNJrXkQcwXAWCrC2aggdLYMstS/G5fEWL+fXZbUA9pwVNHFghMGuFGRATlDLNInRaPeRKzpFQ==

rough-notation@^0.5.1:
  version "0.5.1"
  resolved "https://registry.yarnpkg.com/rough-notation/-/rough-notation-0.5.1.tgz#32abbb16b973fb00fba83ab96b18704e98620e95"
  integrity sha512-ITHofTzm13cWFVfoGsh/4c/k2Mg8geKgBCwex71UZLnNuw403tCRjYPQ68jSAd37DMbZIePXPjDgY0XdZi9HPw==

"slim-select@https://github.com/leastbad/slim-select":
  version "1.28.0"
  resolved "https://github.com/leastbad/slim-select#cf59c1f2c5f1b3a5551a1c0356c233845eee1c91"

stimulus_reflex@3.5.5:
  version "3.5.5"
  resolved "https://registry.yarnpkg.com/stimulus_reflex/-/stimulus_reflex-3.5.5.tgz#f2475fa7eb1f36dcf510cfffdfbd0eaa4c49463a"
  integrity sha512-8jMyNnbepY4oZAbGZNowmhdg0mNe6p9qMNV8UGW64oSiEMNkV0paGL7VHwm6k/oUGIgVB6ZT+SvzrP20bYBzfw==
  dependencies:
    "@hotwired/stimulus" "^3"
    "@rails/actioncable" "^6 || ^7 || ^8"
    cable_ready "^5.0.6"

wnumb@^1.2.0:
  version "1.2.0"
  resolved "https://registry.yarnpkg.com/wnumb/-/wnumb-1.2.0.tgz#f6fa5bfa739b9ca3b1e472094e1feeeb189484d9"
  integrity sha512-eYut5K/dW7usfk/Mwm6nxBNoTPp/uP7PlXld+hhg7lDtHLdHFnNclywGYM9BRC7Ohd4JhwuHg+vmOUGfd3NhVA==
